// !$*UTF8*$!
{
	archiveVersion = 1;
	classes = {
	};
	objectVersion = 46;
	objects = {

/* Begin PBXBuildFile section */
		2E333A3C1E68DA52009D1359 /* WordManager.swift in Sources */ = {isa = PBXBuildFile; fileRef = 2E333A3B1E68DA52009D1359 /* WordManager.swift */; };
		2E69E3681E6DB6B9005C94A3 /* AVFoundation.framework in Frameworks */ = {isa = PBXBuildFile; fileRef = 2E69E3671E6DB6B9005C94A3 /* AVFoundation.framework */; };
		2E827B991E5A184300186DF6 /* AppDelegate.swift in Sources */ = {isa = PBXBuildFile; fileRef = 2E827B981E5A184300186DF6 /* AppDelegate.swift */; };
		2E827B9B1E5A184300186DF6 /* ViewController.swift in Sources */ = {isa = PBXBuildFile; fileRef = 2E827B9A1E5A184300186DF6 /* ViewController.swift */; };
		2E827B9E1E5A184300186DF6 /* Main.storyboard in Resources */ = {isa = PBXBuildFile; fileRef = 2E827B9C1E5A184300186DF6 /* Main.storyboard */; };
		2E827BA01E5A184300186DF6 /* Assets.xcassets in Resources */ = {isa = PBXBuildFile; fileRef = 2E827B9F1E5A184300186DF6 /* Assets.xcassets */; };
		2E827BA31E5A184300186DF6 /* LaunchScreen.storyboard in Resources */ = {isa = PBXBuildFile; fileRef = 2E827BA11E5A184300186DF6 /* LaunchScreen.storyboard */; };
		2E87C34C1E745305000EE077 /* ResultsViewController.swift in Sources */ = {isa = PBXBuildFile; fileRef = 2E87C34B1E745305000EE077 /* ResultsViewController.swift */; };
		2E87C34E1E75C4D3000EE077 /* ScoreManager.swift in Sources */ = {isa = PBXBuildFile; fileRef = 2E87C34D1E75C4D3000EE077 /* ScoreManager.swift */; };
		2EAB40531E5CC2D400359AC9 /* ViewController2.swift in Sources */ = {isa = PBXBuildFile; fileRef = 2EAB40521E5CC2D400359AC9 /* ViewController2.swift */; };
		D8362D998F786F50635A6ADF /* Pods_Sight_Words.framework in Frameworks */ = {isa = PBXBuildFile; fileRef = E32E9897C8E113129C5BDFD0 /* Pods_Sight_Words.framework */; };
/* End PBXBuildFile section */

/* Begin PBXFileReference section */
		2E333A3B1E68DA52009D1359 /* WordManager.swift */ = {isa = PBXFileReference; fileEncoding = 4; lastKnownFileType = sourcecode.swift; path = WordManager.swift; sourceTree = "<group>"; };
		2E69E3671E6DB6B9005C94A3 /* AVFoundation.framework */ = {isa = PBXFileReference; lastKnownFileType = wrapper.framework; name = AVFoundation.framework; path = System/Library/Frameworks/AVFoundation.framework; sourceTree = SDKROOT; };
		2E827B951E5A184300186DF6 /* Sight Words.app */ = {isa = PBXFileReference; explicitFileType = wrapper.application; includeInIndex = 0; path = "Sight Words.app"; sourceTree = BUILT_PRODUCTS_DIR; };
		2E827B981E5A184300186DF6 /* AppDelegate.swift */ = {isa = PBXFileReference; lastKnownFileType = sourcecode.swift; path = AppDelegate.swift; sourceTree = "<group>"; };
		2E827B9A1E5A184300186DF6 /* ViewController.swift */ = {isa = PBXFileReference; lastKnownFileType = sourcecode.swift; path = ViewController.swift; sourceTree = "<group>"; };
		2E827B9D1E5A184300186DF6 /* Base */ = {isa = PBXFileReference; lastKnownFileType = file.storyboard; name = Base; path = Base.lproj/Main.storyboard; sourceTree = "<group>"; };
		2E827B9F1E5A184300186DF6 /* Assets.xcassets */ = {isa = PBXFileReference; lastKnownFileType = folder.assetcatalog; path = Assets.xcassets; sourceTree = "<group>"; };
		2E827BA21E5A184300186DF6 /* Base */ = {isa = PBXFileReference; lastKnownFileType = file.storyboard; name = Base; path = Base.lproj/LaunchScreen.storyboard; sourceTree = "<group>"; };
		2E827BA41E5A184300186DF6 /* Info.plist */ = {isa = PBXFileReference; lastKnownFileType = text.plist.xml; path = Info.plist; sourceTree = "<group>"; };
		2E87C34B1E745305000EE077 /* ResultsViewController.swift */ = {isa = PBXFileReference; fileEncoding = 4; lastKnownFileType = sourcecode.swift; path = ResultsViewController.swift; sourceTree = "<group>"; };
		2E87C34D1E75C4D3000EE077 /* ScoreManager.swift */ = {isa = PBXFileReference; fileEncoding = 4; lastKnownFileType = sourcecode.swift; path = ScoreManager.swift; sourceTree = "<group>"; };
		2EAB40521E5CC2D400359AC9 /* ViewController2.swift */ = {isa = PBXFileReference; fileEncoding = 4; lastKnownFileType = sourcecode.swift; path = ViewController2.swift; sourceTree = "<group>"; };
		CF26F6C9E6FC948E00EA8AFE /* Pods-Sight Words.release.xcconfig */ = {isa = PBXFileReference; includeInIndex = 1; lastKnownFileType = text.xcconfig; name = "Pods-Sight Words.release.xcconfig"; path = "Pods/Target Support Files/Pods-Sight Words/Pods-Sight Words.release.xcconfig"; sourceTree = "<group>"; };
		D5C1383945DA527B785A8BB8 /* Pods-Sight Words.debug.xcconfig */ = {isa = PBXFileReference; includeInIndex = 1; lastKnownFileType = text.xcconfig; name = "Pods-Sight Words.debug.xcconfig"; path = "Pods/Target Support Files/Pods-Sight Words/Pods-Sight Words.debug.xcconfig"; sourceTree = "<group>"; };
		E32E9897C8E113129C5BDFD0 /* Pods_Sight_Words.framework */ = {isa = PBXFileReference; explicitFileType = wrapper.framework; includeInIndex = 0; path = Pods_Sight_Words.framework; sourceTree = BUILT_PRODUCTS_DIR; };
/* End PBXFileReference section */

/* Begin PBXFrameworksBuildPhase section */
		2E827B921E5A184300186DF6 /* Frameworks */ = {
			isa = PBXFrameworksBuildPhase;
			buildActionMask = 2147483647;
			files = (
				2E69E3681E6DB6B9005C94A3 /* AVFoundation.framework in Frameworks */,
				D8362D998F786F50635A6ADF /* Pods_Sight_Words.framework in Frameworks */,
			);
			runOnlyForDeploymentPostprocessing = 0;
		};
/* End PBXFrameworksBuildPhase section */

/* Begin PBXGroup section */
		2E69E3661E6DB6B9005C94A3 /* Frameworks */ = {
			isa = PBXGroup;
			children = (
				2E69E3671E6DB6B9005C94A3 /* AVFoundation.framework */,
				E32E9897C8E113129C5BDFD0 /* Pods_Sight_Words.framework */,
			);
			name = Frameworks;
			sourceTree = "<group>";
		};
		2E827B8C1E5A184300186DF6 = {
			isa = PBXGroup;
			children = (
				2E827B971E5A184300186DF6 /* Sight Words */,
				2E827B961E5A184300186DF6 /* Products */,
				2E69E3661E6DB6B9005C94A3 /* Frameworks */,
				D23B52D4545B4DF0BE81819A /* Pods */,
			);
			sourceTree = "<group>";
		};
		2E827B961E5A184300186DF6 /* Products */ = {
			isa = PBXGroup;
			children = (
				2E827B951E5A184300186DF6 /* Sight Words.app */,
			);
			name = Products;
			sourceTree = "<group>";
		};
		2E827B971E5A184300186DF6 /* Sight Words */ = {
			isa = PBXGroup;
			children = (
				2E827B981E5A184300186DF6 /* AppDelegate.swift */,
				2E827B9A1E5A184300186DF6 /* ViewController.swift */,
				2E827B9C1E5A184300186DF6 /* Main.storyboard */,
				2EAB40521E5CC2D400359AC9 /* ViewController2.swift */,
				2E87C34B1E745305000EE077 /* ResultsViewController.swift */,
				2E87C34D1E75C4D3000EE077 /* ScoreManager.swift */,
				2E333A3B1E68DA52009D1359 /* WordManager.swift */,
				2E827B9F1E5A184300186DF6 /* Assets.xcassets */,
				2E827BA11E5A184300186DF6 /* LaunchScreen.storyboard */,
				2E827BA41E5A184300186DF6 /* Info.plist */,
			);
			path = "Sight Words";
			sourceTree = "<group>";
		};
		D23B52D4545B4DF0BE81819A /* Pods */ = {
			isa = PBXGroup;
			children = (
				D5C1383945DA527B785A8BB8 /* Pods-Sight Words.debug.xcconfig */,
				CF26F6C9E6FC948E00EA8AFE /* Pods-Sight Words.release.xcconfig */,
			);
			name = Pods;
			sourceTree = "<group>";
		};
/* End PBXGroup section */

/* Begin PBXNativeTarget section */
		2E827B941E5A184300186DF6 /* Sight Words */ = {
			isa = PBXNativeTarget;
			buildConfigurationList = 2E827BA71E5A184300186DF6 /* Build configuration list for PBXNativeTarget "Sight Words" */;
			buildPhases = (
				43A7723694F737F12A955E1E /* [CP] Check Pods Manifest.lock */,
				2E827B911E5A184300186DF6 /* Sources */,
				2E827B921E5A184300186DF6 /* Frameworks */,
				2E827B931E5A184300186DF6 /* Resources */,
				AE684B32C8B8AFE0ACBCA272 /* [CP] Embed Pods Frameworks */,
				12507A09172FF873A6B02717 /* [CP] Copy Pods Resources */,
				2E2808E61EAE7456003C5107 /* ShellScript */,
			);
			buildRules = (
			);
			dependencies = (
			);
			name = "Sight Words";
			productName = "Sight Words";
			productReference = 2E827B951E5A184300186DF6 /* Sight Words.app */;
			productType = "com.apple.product-type.application";
		};
/* End PBXNativeTarget section */

/* Begin PBXProject section */
		2E827B8D1E5A184300186DF6 /* Project object */ = {
			isa = PBXProject;
			attributes = {
				LastSwiftUpdateCheck = 0820;
				LastUpgradeCheck = 0820;
				ORGANIZATIONNAME = "Mark Drouillard";
				TargetAttributes = {
					2E827B941E5A184300186DF6 = {
						CreatedOnToolsVersion = 8.2.1;
						DevelopmentTeam = 26LRN437BL;
						ProvisioningStyle = Automatic;
					};
				};
			};
			buildConfigurationList = 2E827B901E5A184300186DF6 /* Build configuration list for PBXProject "Sight Words" */;
			compatibilityVersion = "Xcode 3.2";
			developmentRegion = English;
			hasScannedForEncodings = 0;
			knownRegions = (
				en,
				Base,
			);
			mainGroup = 2E827B8C1E5A184300186DF6;
			productRefGroup = 2E827B961E5A184300186DF6 /* Products */;
			projectDirPath = "";
			projectRoot = "";
			targets = (
				2E827B941E5A184300186DF6 /* Sight Words */,
			);
		};
/* End PBXProject section */

/* Begin PBXResourcesBuildPhase section */
		2E827B931E5A184300186DF6 /* Resources */ = {
			isa = PBXResourcesBuildPhase;
			buildActionMask = 2147483647;
			files = (
				2E827BA31E5A184300186DF6 /* LaunchScreen.storyboard in Resources */,
				2E827BA01E5A184300186DF6 /* Assets.xcassets in Resources */,
				2E827B9E1E5A184300186DF6 /* Main.storyboard in Resources */,
			);
			runOnlyForDeploymentPostprocessing = 0;
		};
/* End PBXResourcesBuildPhase section */

/* Begin PBXShellScriptBuildPhase section */
		12507A09172FF873A6B02717 /* [CP] Copy Pods Resources */ = {
			isa = PBXShellScriptBuildPhase;
			buildActionMask = 2147483647;
			files = (
			);
			inputPaths = (
			);
			name = "[CP] Copy Pods Resources";
			outputPaths = (
			);
			runOnlyForDeploymentPostprocessing = 0;
			shellPath = /bin/sh;
			shellScript = "\"${SRCROOT}/Pods/Target Support Files/Pods-Sight Words/Pods-Sight Words-resources.sh\"\n";
			showEnvVarsInLog = 0;
		};
		2E2808E61EAE7456003C5107 /* ShellScript */ = {
			isa = PBXShellScriptBuildPhase;
			buildActionMask = 2147483647;
			files = (
			);
			inputPaths = (
			);
			outputPaths = (
			);
			runOnlyForDeploymentPostprocessing = 0;
			shellPath = /bin/sh;
			shellScript = "\"${PODS_ROOT}/Fabric/run\" 555625bccdd15644edbed5e7754e7f69249d54d7 6144442b1a8d21223c26b0979741dc335c8de423ed8db04e6961958b52cda5b1";
		};
		43A7723694F737F12A955E1E /* [CP] Check Pods Manifest.lock */ = {
			isa = PBXShellScriptBuildPhase;
			buildActionMask = 2147483647;
			files = (
			);
			inputPaths = (
			);
			name = "[CP] Check Pods Manifest.lock";
			outputPaths = (
			);
			runOnlyForDeploymentPostprocessing = 0;
			shellPath = /bin/sh;
			shellScript = "diff \"${PODS_PODFILE_DIR_PATH}/Podfile.lock\" \"${PODS_ROOT}/Manifest.lock\" > /dev/null\nif [ $? != 0 ] ; then\n    # print error to STDERR\n    echo \"error: The sandbox is not in sync with the Podfile.lock. Run 'pod install' or update your CocoaPods installation.\" >&2\n    exit 1\nfi\n";
			showEnvVarsInLog = 0;
		};
		AE684B32C8B8AFE0ACBCA272 /* [CP] Embed Pods Frameworks */ = {
			isa = PBXShellScriptBuildPhase;
			buildActionMask = 2147483647;
			files = (
			);
			inputPaths = (
			);
			name = "[CP] Embed Pods Frameworks";
			outputPaths = (
			);
			runOnlyForDeploymentPostprocessing = 0;
			shellPath = /bin/sh;
			shellScript = "\"${SRCROOT}/Pods/Target Support Files/Pods-Sight Words/Pods-Sight Words-frameworks.sh\"\n";
			showEnvVarsInLog = 0;
		};
/* End PBXShellScriptBuildPhase section */

/* Begin PBXSourcesBuildPhase section */
		2E827B911E5A184300186DF6 /* Sources */ = {
			isa = PBXSourcesBuildPhase;
			buildActionMask = 2147483647;
			files = (
				2E87C34E1E75C4D3000EE077 /* ScoreManager.swift in Sources */,
				2E827B9B1E5A184300186DF6 /* ViewController.swift in Sources */,
				2E827B991E5A184300186DF6 /* AppDelegate.swift in Sources */,
				2EAB40531E5CC2D400359AC9 /* ViewController2.swift in Sources */,
				2E87C34C1E745305000EE077 /* ResultsViewController.swift in Sources */,
				2E333A3C1E68DA52009D1359 /* WordManager.swift in Sources */,
			);
			runOnlyForDeploymentPostprocessing = 0;
		};
/* End PBXSourcesBuildPhase section */

/* Begin PBXVariantGroup section */
		2E827B9C1E5A184300186DF6 /* Main.storyboard */ = {
			isa = PBXVariantGroup;
			children = (
				2E827B9D1E5A184300186DF6 /* Base */,
			);
			name = Main.storyboard;
			sourceTree = "<group>";
		};
		2E827BA11E5A184300186DF6 /* LaunchScreen.storyboard */ = {
			isa = PBXVariantGroup;
			children = (
				2E827BA21E5A184300186DF6 /* Base */,
			);
			name = LaunchScreen.storyboard;
			sourceTree = "<group>";
		};
/* End PBXVariantGroup section */

/* Begin XCBuildConfiguration section */
		2E827BA51E5A184300186DF6 /* Debug */ = {
			isa = XCBuildConfiguration;
			buildSettings = {
				ALWAYS_SEARCH_USER_PATHS = NO;
				CLANG_ANALYZER_NONNULL = YES;
				CLANG_CXX_LANGUAGE_STANDARD = "gnu++0x";
				CLANG_CXX_LIBRARY = "libc++";
				CLANG_ENABLE_MODULES = YES;
				CLANG_ENABLE_OBJC_ARC = YES;
				CLANG_WARN_BOOL_CONVERSION = YES;
				CLANG_WARN_CONSTANT_CONVERSION = YES;
				CLANG_WARN_DIRECT_OBJC_ISA_USAGE = YES_ERROR;
				CLANG_WARN_DOCUMENTATION_COMMENTS = YES;
				CLANG_WARN_EMPTY_BODY = YES;
				CLANG_WARN_ENUM_CONVERSION = YES;
				CLANG_WARN_INFINITE_RECURSION = YES;
				CLANG_WARN_INT_CONVERSION = YES;
				CLANG_WARN_OBJC_ROOT_CLASS = YES_ERROR;
				CLANG_WARN_SUSPICIOUS_MOVE = YES;
				CLANG_WARN_UNREACHABLE_CODE = YES;
				CLANG_WARN__DUPLICATE_METHOD_MATCH = YES;
				"CODE_SIGN_IDENTITY[sdk=iphoneos*]" = "iPhone Developer";
				COPY_PHASE_STRIP = NO;
				DEBUG_INFORMATION_FORMAT = dwarf;
				ENABLE_STRICT_OBJC_MSGSEND = YES;
				ENABLE_TESTABILITY = YES;
				GCC_C_LANGUAGE_STANDARD = gnu99;
				GCC_DYNAMIC_NO_PIC = NO;
				GCC_NO_COMMON_BLOCKS = YES;
				GCC_OPTIMIZATION_LEVEL = 0;
				GCC_PREPROCESSOR_DEFINITIONS = (
					"DEBUG=1",
					"$(inherited)",
				);
				GCC_WARN_64_TO_32_BIT_CONVERSION = YES;
				GCC_WARN_ABOUT_RETURN_TYPE = YES_ERROR;
				GCC_WARN_UNDECLARED_SELECTOR = YES;
				GCC_WARN_UNINITIALIZED_AUTOS = YES_AGGRESSIVE;
				GCC_WARN_UNUSED_FUNCTION = YES;
				GCC_WARN_UNUSED_VARIABLE = YES;
				IPHONEOS_DEPLOYMENT_TARGET = 10.2;
				MTL_ENABLE_DEBUG_INFO = YES;
				ONLY_ACTIVE_ARCH = YES;
				SDKROOT = iphoneos;
				SWIFT_ACTIVE_COMPILATION_CONDITIONS = DEBUG;
				SWIFT_OPTIMIZATION_LEVEL = "-Onone";
				TARGETED_DEVICE_FAMILY = "1,2";
			};
			name = Debug;
		};
		2E827BA61E5A184300186DF6 /* Release */ = {
			isa = XCBuildConfiguration;
			buildSettings = {
				ALWAYS_SEARCH_USER_PATHS = NO;
				CLANG_ANALYZER_NONNULL = YES;
				CLANG_CXX_LANGUAGE_STANDARD = "gnu++0x";
				CLANG_CXX_LIBRARY = "libc++";
				CLANG_ENABLE_MODULES = YES;
				CLANG_ENABLE_OBJC_ARC = YES;
				CLANG_WARN_BOOL_CONVERSION = YES;
				CLANG_WARN_CONSTANT_CONVERSION = YES;
				CLANG_WARN_DIRECT_OBJC_ISA_USAGE = YES_ERROR;
				CLANG_WARN_DOCUMENTATION_COMMENTS = YES;
				CLANG_WARN_EMPTY_BODY = YES;
				CLANG_WARN_ENUM_CONVERSION = YES;
				CLANG_WARN_INFINITE_RECURSION = YES;
				CLANG_WARN_INT_CONVERSION = YES;
				CLANG_WARN_OBJC_ROOT_CLASS = YES_ERROR;
				CLANG_WARN_SUSPICIOUS_MOVE = YES;
				CLANG_WARN_UNREACHABLE_CODE = YES;
				CLANG_WARN__DUPLICATE_METHOD_MATCH = YES;
				"CODE_SIGN_IDENTITY[sdk=iphoneos*]" = "iPhone Developer";
				COPY_PHASE_STRIP = NO;
				DEBUG_INFORMATION_FORMAT = "dwarf-with-dsym";
				ENABLE_NS_ASSERTIONS = NO;
				ENABLE_STRICT_OBJC_MSGSEND = YES;
				GCC_C_LANGUAGE_STANDARD = gnu99;
				GCC_NO_COMMON_BLOCKS = YES;
				GCC_WARN_64_TO_32_BIT_CONVERSION = YES;
				GCC_WARN_ABOUT_RETURN_TYPE = YES_ERROR;
				GCC_WARN_UNDECLARED_SELECTOR = YES;
				GCC_WARN_UNINITIALIZED_AUTOS = YES_AGGRESSIVE;
				GCC_WARN_UNUSED_FUNCTION = YES;
				GCC_WARN_UNUSED_VARIABLE = YES;
				IPHONEOS_DEPLOYMENT_TARGET = 10.2;
				MTL_ENABLE_DEBUG_INFO = NO;
				SDKROOT = iphoneos;
				SWIFT_OPTIMIZATION_LEVEL = "-Owholemodule";
				TARGETED_DEVICE_FAMILY = "1,2";
				VALIDATE_PRODUCT = YES;
			};
			name = Release;
		};
		2E827BA81E5A184300186DF6 /* Debug */ = {
			isa = XCBuildConfiguration;
			baseConfigurationReference = D5C1383945DA527B785A8BB8 /* Pods-Sight Words.debug.xcconfig */;
			buildSettings = {
				ASSETCATALOG_COMPILER_APPICON_NAME = AppIcon;
				DEVELOPMENT_TEAM = 26LRN437BL;
				INFOPLIST_FILE = "Sight Words/Info.plist";
				LD_RUNPATH_SEARCH_PATHS = "$(inherited) @executable_path/Frameworks";
				PRODUCT_BUNDLE_IDENTIFIER = "com.example.Sight-Words";
				PRODUCT_NAME = "$(TARGET_NAME)";
				SWIFT_VERSION = 3.0;
			};
			name = Debug;
		};
		2E827BA91E5A184300186DF6 /* Release */ = {
			isa = XCBuildConfiguration;
			baseConfigurationReference = CF26F6C9E6FC948E00EA8AFE /* Pods-Sight Words.release.xcconfig */;
			buildSettings = {
				ASSETCATALOG_COMPILER_APPICON_NAME = AppIcon;
				DEVELOPMENT_TEAM = 26LRN437BL;
				INFOPLIST_FILE = "Sight Words/Info.plist";
				LD_RUNPATH_SEARCH_PATHS = "$(inherited) @executable_path/Frameworks";
				PRODUCT_BUNDLE_IDENTIFIER = "com.example.Sight-Words";
				PRODUCT_NAME = "$(TARGET_NAME)";
				SWIFT_VERSION = 3.0;
			};
			name = Release;
		};
/* End XCBuildConfiguration section */

/* Begin XCConfigurationList section */
		2E827B901E5A184300186DF6 /* Build configuration list for PBXProject "Sight Words" */ = {
			isa = XCConfigurationList;
			buildConfigurations = (
				2E827BA51E5A184300186DF6 /* Debug */,
				2E827BA61E5A184300186DF6 /* Release */,
			);
			defaultConfigurationIsVisible = 0;
			defaultConfigurationName = Release;
		};
		2E827BA71E5A184300186DF6 /* Build configuration list for PBXNativeTarget "Sight Words" */ = {
			isa = XCConfigurationList;
			buildConfigurations = (
				2E827BA81E5A184300186DF6 /* Debug */,
				2E827BA91E5A184300186DF6 /* Release */,
			);
			defaultConfigurationIsVisible = 0;
			defaultConfigurationName = Release;
		};
/* End XCConfigurationList section */
	};
	rootObject = 2E827B8D1E5A184300186DF6 /* Project object */;
}
